
Microsoft Visual Studio Solution File, Format Version 12.00
# Visual Studio 15
VisualStudioVersion = 15.0.28307.1927
MinimumVisualStudioVersion = 10.0.40219.1
Project("{FAE04EC0-301F-11D3-BF4B-00C04F79EFBC}") = "WebApplication4", "WebApplication4\WebApplication4.csproj", "{640659CA-366D-441F-9FE9-C5802442EFC9}"
EndProject
Global
	GlobalSection(SolutionConfigurationPlatforms) = preSolution
		Debug|Any CPU = Debug|Any CPU
		Release|Any CPU = Release|Any CPU
	EndGlobalSection
	GlobalSection(ProjectConfigurationPlatforms) = postSolution
		{640659CA-366D-441F-9FE9-C5802442EFC9}.Debug|Any CPU.ActiveCfg = Debug|Any CPU
		{640659CA-366D-441F-9FE9-C5802442EFC9}.Debug|Any CPU.Build.0 = Debug|Any CPU
		{640659CA-366D-441F-9FE9-C5802442EFC9}.Release|Any CPU.ActiveCfg = Release|Any CPU
		{640659CA-366D-441F-9FE9-C5802442EFC9}.Release|Any CPU.Build.0 = Release|Any CPU
	EndGlobalSection
	GlobalSection(SolutionProperties) = preSolution
		HideSolutionNode = FALSE
	EndGlobalSection
	GlobalSection(ExtensibilityGlobals) = postSolution
		SolutionGuid = {5653F08C-2863-4754-BEC6-7B5C5BFD7BDD}
	EndGlobalSection
EndGlobal
